
Microsoft Visual Studio Solution File, Format Version 12.00
# Visual Studio Version 16
VisualStudioVersion = 16.0.31205.134
MinimumVisualStudioVersion = 10.0.40219.1
Project("{FAE04EC0-301F-11D3-BF4B-00C04F79EFBC}") = "Server", "Server\Server.csproj", "{187EB913-7408-4C11-94CA-D1E51F31ABCB}"
EndProject
Project("{FAE04EC0-301F-11D3-BF4B-00C04F79EFBC}") = "Client", "Client\Client.csproj", "{035F5DDA-7C9A-49C4-8E9B-62DB5B23654C}"
EndProject
Global
	GlobalSection(SolutionConfigurationPlatforms) = preSolution
		Debug|Any CPU = Debug|Any CPU
		Release|Any CPU = Release|Any CPU
	EndGlobalSection
	GlobalSection(ProjectConfigurationPlatforms) = postSolution
		{187EB913-7408-4C11-94CA-D1E51F31ABCB}.Debug|Any CPU.ActiveCfg = Debug|Any CPU
		{187EB913-7408-4C11-94CA-D1E51F31ABCB}.Debug|Any CPU.Build.0 = Debug|Any CPU
		{187EB913-7408-4C11-94CA-D1E51F31ABCB}.Release|Any CPU.ActiveCfg = Release|Any CPU
		{187EB913-7408-4C11-94CA-D1E51F31ABCB}.Release|Any CPU.Build.0 = Release|Any CPU
		{035F5DDA-7C9A-49C4-8E9B-62DB5B23654C}.Debug|Any CPU.ActiveCfg = Debug|Any CPU
		{035F5DDA-7C9A-49C4-8E9B-62DB5B23654C}.Debug|Any CPU.Build.0 = Debug|Any CPU
		{035F5DDA-7C9A-49C4-8E9B-62DB5B23654C}.Release|Any CPU.ActiveCfg = Release|Any CPU
		{035F5DDA-7C9A-49C4-8E9B-62DB5B23654C}.Release|Any CPU.Build.0 = Release|Any CPU
	EndGlobalSection
	GlobalSection(SolutionProperties) = preSolution
		HideSolutionNode = FALSE
	EndGlobalSection
	GlobalSection(ExtensibilityGlobals) = postSolution
		SolutionGuid = {50F5C77D-D8FB-4D86-8372-B8FD97A61992}
	EndGlobalSection
EndGlobal
